{
  "name": "@gld5000-cli/script-selector",
  "version": "1.1.1",
  "lockfileVersion": 3,
  "requires": true,
  "packages": {
    "": {
      "name": "@gld5000-cli/script-selector",
      "version": "1.1.1",
      "license": "MIT",
      "dependencies": {
        "@gld5000-cli/readline": "^1.0.4",
        "@gld5000k/timestamp": "^1.0.9"
      }
    },
    "node_modules/@gld5000-cli/readline": {
      "version": "1.0.4",
      "resolved": "https://registry.npmjs.org/@gld5000-cli/readline/-/readline-1.0.4.tgz",
      "integrity": "sha512-sqqLkASyhMV5Z+65n+jBvJruNKEC/g4qhJbfxMNYjpPFZ3fI5iKp04iCcq5rhSnhRFgJpcC/NPOzRj+KIpMN9Q==",
      "license": "MIT"
    },
    "node_modules/@gld5000k/timestamp": {
      "version": "1.0.9",
      "resolved": "https://registry.npmjs.org/@gld5000k/timestamp/-/timestamp-1.0.9.tgz",
      "integrity": "sha512-/163imdB6j9O9/p935WE89Iqr1LPP7Flp2xVP5Xmo2Llx0GmleIGYUMMi9Bv4VGUiwFxkVSX1c7hcU5n99yVTw==",
      "license": "MIT"
    }
  }
}
