{
  "name": "@gld5000-cli/script-selector",
  "version": "1.0.0",
  "lockfileVersion": 3,
  "requires": true,
  "packages": {
    "": {
      "name": "@gld5000-cli/script-selector",
      "version": "1.0.0",
      "license": "MIT",
      "devDependencies": {
        "@gld5000-cli/readline": "^1.0.4"
      }
    },
    "node_modules/@gld5000-cli/readline": {
      "version": "1.0.4",
      "resolved": "https://registry.npmjs.org/@gld5000-cli/readline/-/readline-1.0.4.tgz",
      "integrity": "sha512-sqqLkASyhMV5Z+65n+jBvJruNKEC/g4qhJbfxMNYjpPFZ3fI5iKp04iCcq5rhSnhRFgJpcC/NPOzRj+KIpMN9Q==",
      "dev": true
    }
  }
}
